
Microsoft Visual Studio Solution File, Format Version 12.00
# Visual Studio Version 16
VisualStudioVersion = 16.0.29509.3
MinimumVisualStudioVersion = 10.0.40219.1
Project("{FAE04EC0-301F-11D3-BF4B-00C04F79EFBC}") = "CallParser", "CallParser\CallParser.csproj", "{D040F2CE-758A-4DD9-8D13-D1E5FE3FA0F0}"
EndProject
Project("{2150E333-8FDC-42A3-9474-1A3956D46DE8}") = "Solution Items", "Solution Items", "{4BE946E6-3012-4B1C-9C57-BF17221D19B3}"
	ProjectSection(SolutionItems) = preProject
		LICENSE = LICENSE
		Notes.txt = Notes.txt
		README.md = README.md
	EndProjectSection
EndProject
Project("{FAE04EC0-301F-11D3-BF4B-00C04F79EFBC}") = "CallParserUnitTest", "CallParserUnitTest\CallParserUnitTest.csproj", "{7CC9CC69-929B-445C-A4E8-61D2A3CAB10B}"
EndProject
Project("{FAE04EC0-301F-11D3-BF4B-00C04F79EFBC}") = "CallParserTestor", "CallParserTestor\CallParserTestor.csproj", "{F1D85A36-72BA-451E-AF1E-C23554891842}"
EndProject
Global
	GlobalSection(SolutionConfigurationPlatforms) = preSolution
		Debug|Any CPU = Debug|Any CPU
		Debug|x64 = Debug|x64
		Release|Any CPU = Release|Any CPU
		Release|x64 = Release|x64
	EndGlobalSection
	GlobalSection(ProjectConfigurationPlatforms) = postSolution
		{D040F2CE-758A-4DD9-8D13-D1E5FE3FA0F0}.Debug|Any CPU.ActiveCfg = Debug|Any CPU
		{D040F2CE-758A-4DD9-8D13-D1E5FE3FA0F0}.Debug|Any CPU.Build.0 = Debug|Any CPU
		{D040F2CE-758A-4DD9-8D13-D1E5FE3FA0F0}.Debug|x64.ActiveCfg = Debug|x64
		{D040F2CE-758A-4DD9-8D13-D1E5FE3FA0F0}.Debug|x64.Build.0 = Debug|x64
		{D040F2CE-758A-4DD9-8D13-D1E5FE3FA0F0}.Release|Any CPU.ActiveCfg = Release|Any CPU
		{D040F2CE-758A-4DD9-8D13-D1E5FE3FA0F0}.Release|Any CPU.Build.0 = Release|Any CPU
		{D040F2CE-758A-4DD9-8D13-D1E5FE3FA0F0}.Release|x64.ActiveCfg = Release|x64
		{D040F2CE-758A-4DD9-8D13-D1E5FE3FA0F0}.Release|x64.Build.0 = Release|x64
		{7CC9CC69-929B-445C-A4E8-61D2A3CAB10B}.Debug|Any CPU.ActiveCfg = Debug|Any CPU
		{7CC9CC69-929B-445C-A4E8-61D2A3CAB10B}.Debug|Any CPU.Build.0 = Debug|Any CPU
		{7CC9CC69-929B-445C-A4E8-61D2A3CAB10B}.Debug|x64.ActiveCfg = Debug|x64
		{7CC9CC69-929B-445C-A4E8-61D2A3CAB10B}.Debug|x64.Build.0 = Debug|x64
		{7CC9CC69-929B-445C-A4E8-61D2A3CAB10B}.Release|Any CPU.ActiveCfg = Release|Any CPU
		{7CC9CC69-929B-445C-A4E8-61D2A3CAB10B}.Release|Any CPU.Build.0 = Release|Any CPU
		{7CC9CC69-929B-445C-A4E8-61D2A3CAB10B}.Release|x64.ActiveCfg = Release|x64
		{7CC9CC69-929B-445C-A4E8-61D2A3CAB10B}.Release|x64.Build.0 = Release|x64
		{F1D85A36-72BA-451E-AF1E-C23554891842}.Debug|Any CPU.ActiveCfg = Debug|Any CPU
		{F1D85A36-72BA-451E-AF1E-C23554891842}.Debug|Any CPU.Build.0 = Debug|Any CPU
		{F1D85A36-72BA-451E-AF1E-C23554891842}.Debug|x64.ActiveCfg = Debug|x64
		{F1D85A36-72BA-451E-AF1E-C23554891842}.Debug|x64.Build.0 = Debug|x64
		{F1D85A36-72BA-451E-AF1E-C23554891842}.Release|Any CPU.ActiveCfg = Release|Any CPU
		{F1D85A36-72BA-451E-AF1E-C23554891842}.Release|Any CPU.Build.0 = Release|Any CPU
		{F1D85A36-72BA-451E-AF1E-C23554891842}.Release|x64.ActiveCfg = Release|x64
		{F1D85A36-72BA-451E-AF1E-C23554891842}.Release|x64.Build.0 = Release|x64
	EndGlobalSection
	GlobalSection(SolutionProperties) = preSolution
		HideSolutionNode = FALSE
	EndGlobalSection
	GlobalSection(ExtensibilityGlobals) = postSolution
		SolutionGuid = {DDB4F813-6C81-437A-B6CA-FF83889FA089}
	EndGlobalSection
	GlobalSection(Performance) = preSolution
		HasPerformanceSessions = true
	EndGlobalSection
	GlobalSection(Performance) = preSolution
		HasPerformanceSessions = true
	EndGlobalSection
EndGlobal
