
Microsoft Visual Studio Solution File, Format Version 12.00
# Visual Studio 2012
Project("{FAE04EC0-301F-11D3-BF4B-00C04F79EFBC}") = "CallParser", "CallParser\CallParser.csproj", "{D040F2CE-758A-4DD9-8D13-D1E5FE3FA0F0}"
EndProject
Project("{FAE04EC0-301F-11D3-BF4B-00C04F79EFBC}") = "CallParserTestor", "CallParserTestor\CallParserTestor.csproj", "{F1D85A36-72BA-451E-AF1E-C23554891842}"
EndProject
Project("{2150E333-8FDC-42A3-9474-1A3956D46DE8}") = "Solution Items", "Solution Items", "{4BE946E6-3012-4B1C-9C57-BF17221D19B3}"
	ProjectSection(SolutionItems) = preProject
		Questions.txt = Questions.txt
	EndProjectSection
EndProject
Global
	GlobalSection(SolutionConfigurationPlatforms) = preSolution
		Debug|Any CPU = Debug|Any CPU
		Release|Any CPU = Release|Any CPU
	EndGlobalSection
	GlobalSection(ProjectConfigurationPlatforms) = postSolution
		{D040F2CE-758A-4DD9-8D13-D1E5FE3FA0F0}.Debug|Any CPU.ActiveCfg = Debug|Any CPU
		{D040F2CE-758A-4DD9-8D13-D1E5FE3FA0F0}.Debug|Any CPU.Build.0 = Debug|Any CPU
		{D040F2CE-758A-4DD9-8D13-D1E5FE3FA0F0}.Release|Any CPU.ActiveCfg = Release|Any CPU
		{D040F2CE-758A-4DD9-8D13-D1E5FE3FA0F0}.Release|Any CPU.Build.0 = Release|Any CPU
		{F1D85A36-72BA-451E-AF1E-C23554891842}.Debug|Any CPU.ActiveCfg = Debug|Any CPU
		{F1D85A36-72BA-451E-AF1E-C23554891842}.Debug|Any CPU.Build.0 = Debug|Any CPU
		{F1D85A36-72BA-451E-AF1E-C23554891842}.Release|Any CPU.ActiveCfg = Release|Any CPU
		{F1D85A36-72BA-451E-AF1E-C23554891842}.Release|Any CPU.Build.0 = Release|Any CPU
	EndGlobalSection
	GlobalSection(SolutionProperties) = preSolution
		HideSolutionNode = FALSE
	EndGlobalSection
EndGlobal
